
Microsoft Visual Studio Solution File, Format Version 12.00
# Visual Studio Version 17
VisualStudioVersion = 17.7.34018.315
MinimumVisualStudioVersion = 10.0.40219.1
Project("{2150E333-8FDC-42A3-9474-1A3956D46DE8}") = "API", "API", "{1E7D53F8-C166-487A-B9AC-9C0987D19D08}"
EndProject
Project("{2150E333-8FDC-42A3-9474-1A3956D46DE8}") = "Application", "Application", "{BDB4B920-029B-4DDF-A187-617D4A83213A}"
EndProject
Project("{2150E333-8FDC-42A3-9474-1A3956D46DE8}") = "Infrastructure", "Infrastructure", "{9A7F23C0-0C4D-4BEB-84C1-9C98E4EA922E}"
EndProject
Project("{2150E333-8FDC-42A3-9474-1A3956D46DE8}") = "UI", "UI", "{A505C243-5786-49A4-84EE-16776D9BA16C}"
EndProject
Project("{2150E333-8FDC-42A3-9474-1A3956D46DE8}") = "Clients", "Clients", "{A8459E24-5F79-4404-BC8E-EC3C17F39F33}"
EndProject
Project("{2150E333-8FDC-42A3-9474-1A3956D46DE8}") = "UnitTests", "UnitTests", "{000B8D3D-D662-4383-AC38-4450057F18F3}"
EndProject
Project("{2150E333-8FDC-42A3-9474-1A3956D46DE8}") = "UnitTests", "UnitTests", "{679742A8-8313-4EC3-9D1C-6C26B82334A0}"
EndProject
Project("{2150E333-8FDC-42A3-9474-1A3956D46DE8}") = "UnitTests", "UnitTests", "{286CB367-46F3-4D07-AB8F-CA3109963115}"
EndProject
Project("{FAE04EC0-301F-11D3-BF4B-00C04F79EFBC}") = "Neal.Reddit.Infrastructure.Reader", "Infrastructure\Neal.Reddit.Infrastructure.Reader\Neal.Reddit.Infrastructure.Reader.csproj", "{6E9A6609-23F7-47BF-8E95-4288A8A8CFB3}"
EndProject
Project("{FAE04EC0-301F-11D3-BF4B-00C04F79EFBC}") = "Neal.Reddit.Infrastructure.Kafka", "Infrastructure\Neal.Reddit.Infrastructure.Kafka\Neal.Reddit.Infrastructure.Kafka.csproj", "{F4A0F1F2-7AEB-4889-B3F2-8C14B92A9FA3}"
EndProject
Project("{FAE04EC0-301F-11D3-BF4B-00C04F79EFBC}") = "Neal.Reddit.Infrastructure.Reader.Tests", "Infrastructure\UnitTests\Neal.Reddit.Infrastructure.Reader.Tests\Neal.Reddit.Infrastructure.Reader.Tests.csproj", "{B5F78454-1B7D-4DDC-A8D7-8E7053837048}"
EndProject
Project("{FAE04EC0-301F-11D3-BF4B-00C04F79EFBC}") = "Neal.Reddit.Infrastructure.Kafka.Tests", "Infrastructure\UnitTests\Neal.Reddit.Infrastructure.Kafka.Tests\Neal.Reddit.Infrastructure.Kafka.Tests.csproj", "{17C5300F-25C9-454F-8AB8-8317074C7D6C}"
EndProject
Project("{FAE04EC0-301F-11D3-BF4B-00C04F79EFBC}") = "Neal.Reddit.Core", "Core\Neal.Reddit.Core\Neal.Reddit.Core.csproj", "{F80439C8-4965-48A7-8367-5C78C1875825}"
EndProject
Project("{2150E333-8FDC-42A3-9474-1A3956D46DE8}") = "Core", "Core", "{D2C4E8C8-4CDF-476D-9EEF-2CAF9F21841E}"
EndProject
Project("{FAE04EC0-301F-11D3-BF4B-00C04F79EFBC}") = "Neal.Reddit.Application", "Application\Neal.Reddit.Application\Neal.Reddit.Application.csproj", "{E8CE7980-1A4A-435F-936D-701E3D13A723}"
EndProject
Project("{FAE04EC0-301F-11D3-BF4B-00C04F79EFBC}") = "Neal.Reddit.Clients.Kafka", "Clients\Neal.Reddit.Clients.Kafka\Neal.Reddit.Clients.Kafka.csproj", "{8EDDFFA8-8251-4691-994B-D573A9AF80F3}"
EndProject
Project("{FAE04EC0-301F-11D3-BF4B-00C04F79EFBC}") = "Neal.Reddit.Clients.Kafka.Tests", "Clients\UnitTests\Neal.Reddit.Clients.Kafka.Tests\Neal.Reddit.Clients.Kafka.Tests.csproj", "{9531E697-8CFC-4372-AFE7-96F6964EAF8F}"
EndProject
Project("{FAE04EC0-301F-11D3-BF4B-00C04F79EFBC}") = "Neal.Reddit.API.Kafka.Subreddit", "API\Neal.Reddit.API.Kafka.Subreddit\Neal.Reddit.API.Kafka.Subreddit.csproj", "{33BED7F0-D988-4E67-A9BE-112072AB920A}"
EndProject
Project("{FAE04EC0-301F-11D3-BF4B-00C04F79EFBC}") = "Neal.Reddit.API.Kafka.Subreddit.Tests", "API\UnitTests\Neal.Reddit.API.Kafka.Subreddit.Tests\Neal.Reddit.API.Kafka.Subreddit.Tests.csproj", "{76493BFD-0A0C-4A75-876D-548BF97F61EC}"
EndProject
Project("{54A90642-561A-4BB1-A94E-469ADEE60C69}") = "neal.reddit.reactapp", "UI\neal.reddit.reactapp\neal.reddit.reactapp.esproj", "{D9564146-5E3E-4C2D-908F-036143FD0CF9}"
EndProject
Project("{E53339B2-1760-4266-BCC7-CA923CBCF16C}") = "docker-compose", "docker-compose.dcproj", "{82854929-6C00-495F-B939-6A580CCE0260}"
EndProject
Global
	GlobalSection(SolutionConfigurationPlatforms) = preSolution
		Debug|Any CPU = Debug|Any CPU
		Release|Any CPU = Release|Any CPU
	EndGlobalSection
	GlobalSection(ProjectConfigurationPlatforms) = postSolution
		{6E9A6609-23F7-47BF-8E95-4288A8A8CFB3}.Debug|Any CPU.ActiveCfg = Debug|Any CPU
		{6E9A6609-23F7-47BF-8E95-4288A8A8CFB3}.Debug|Any CPU.Build.0 = Debug|Any CPU
		{6E9A6609-23F7-47BF-8E95-4288A8A8CFB3}.Release|Any CPU.ActiveCfg = Release|Any CPU
		{6E9A6609-23F7-47BF-8E95-4288A8A8CFB3}.Release|Any CPU.Build.0 = Release|Any CPU
		{F4A0F1F2-7AEB-4889-B3F2-8C14B92A9FA3}.Debug|Any CPU.ActiveCfg = Debug|Any CPU
		{F4A0F1F2-7AEB-4889-B3F2-8C14B92A9FA3}.Debug|Any CPU.Build.0 = Debug|Any CPU
		{F4A0F1F2-7AEB-4889-B3F2-8C14B92A9FA3}.Release|Any CPU.ActiveCfg = Release|Any CPU
		{F4A0F1F2-7AEB-4889-B3F2-8C14B92A9FA3}.Release|Any CPU.Build.0 = Release|Any CPU
		{B5F78454-1B7D-4DDC-A8D7-8E7053837048}.Debug|Any CPU.ActiveCfg = Debug|Any CPU
		{B5F78454-1B7D-4DDC-A8D7-8E7053837048}.Debug|Any CPU.Build.0 = Debug|Any CPU
		{B5F78454-1B7D-4DDC-A8D7-8E7053837048}.Release|Any CPU.ActiveCfg = Release|Any CPU
		{B5F78454-1B7D-4DDC-A8D7-8E7053837048}.Release|Any CPU.Build.0 = Release|Any CPU
		{17C5300F-25C9-454F-8AB8-8317074C7D6C}.Debug|Any CPU.ActiveCfg = Debug|Any CPU
		{17C5300F-25C9-454F-8AB8-8317074C7D6C}.Debug|Any CPU.Build.0 = Debug|Any CPU
		{17C5300F-25C9-454F-8AB8-8317074C7D6C}.Release|Any CPU.ActiveCfg = Release|Any CPU
		{17C5300F-25C9-454F-8AB8-8317074C7D6C}.Release|Any CPU.Build.0 = Release|Any CPU
		{F80439C8-4965-48A7-8367-5C78C1875825}.Debug|Any CPU.ActiveCfg = Debug|Any CPU
		{F80439C8-4965-48A7-8367-5C78C1875825}.Debug|Any CPU.Build.0 = Debug|Any CPU
		{F80439C8-4965-48A7-8367-5C78C1875825}.Release|Any CPU.ActiveCfg = Release|Any CPU
		{F80439C8-4965-48A7-8367-5C78C1875825}.Release|Any CPU.Build.0 = Release|Any CPU
		{E8CE7980-1A4A-435F-936D-701E3D13A723}.Debug|Any CPU.ActiveCfg = Debug|Any CPU
		{E8CE7980-1A4A-435F-936D-701E3D13A723}.Debug|Any CPU.Build.0 = Debug|Any CPU
		{E8CE7980-1A4A-435F-936D-701E3D13A723}.Release|Any CPU.ActiveCfg = Release|Any CPU
		{E8CE7980-1A4A-435F-936D-701E3D13A723}.Release|Any CPU.Build.0 = Release|Any CPU
		{8EDDFFA8-8251-4691-994B-D573A9AF80F3}.Debug|Any CPU.ActiveCfg = Debug|Any CPU
		{8EDDFFA8-8251-4691-994B-D573A9AF80F3}.Debug|Any CPU.Build.0 = Debug|Any CPU
		{8EDDFFA8-8251-4691-994B-D573A9AF80F3}.Release|Any CPU.ActiveCfg = Release|Any CPU
		{8EDDFFA8-8251-4691-994B-D573A9AF80F3}.Release|Any CPU.Build.0 = Release|Any CPU
		{9531E697-8CFC-4372-AFE7-96F6964EAF8F}.Debug|Any CPU.ActiveCfg = Debug|Any CPU
		{9531E697-8CFC-4372-AFE7-96F6964EAF8F}.Debug|Any CPU.Build.0 = Debug|Any CPU
		{9531E697-8CFC-4372-AFE7-96F6964EAF8F}.Release|Any CPU.ActiveCfg = Release|Any CPU
		{9531E697-8CFC-4372-AFE7-96F6964EAF8F}.Release|Any CPU.Build.0 = Release|Any CPU
		{33BED7F0-D988-4E67-A9BE-112072AB920A}.Debug|Any CPU.ActiveCfg = Debug|Any CPU
		{33BED7F0-D988-4E67-A9BE-112072AB920A}.Debug|Any CPU.Build.0 = Debug|Any CPU
		{33BED7F0-D988-4E67-A9BE-112072AB920A}.Release|Any CPU.ActiveCfg = Release|Any CPU
		{33BED7F0-D988-4E67-A9BE-112072AB920A}.Release|Any CPU.Build.0 = Release|Any CPU
		{76493BFD-0A0C-4A75-876D-548BF97F61EC}.Debug|Any CPU.ActiveCfg = Debug|Any CPU
		{76493BFD-0A0C-4A75-876D-548BF97F61EC}.Debug|Any CPU.Build.0 = Debug|Any CPU
		{76493BFD-0A0C-4A75-876D-548BF97F61EC}.Release|Any CPU.ActiveCfg = Release|Any CPU
		{76493BFD-0A0C-4A75-876D-548BF97F61EC}.Release|Any CPU.Build.0 = Release|Any CPU
		{D9564146-5E3E-4C2D-908F-036143FD0CF9}.Debug|Any CPU.ActiveCfg = Debug|Any CPU
		{D9564146-5E3E-4C2D-908F-036143FD0CF9}.Debug|Any CPU.Build.0 = Debug|Any CPU
		{D9564146-5E3E-4C2D-908F-036143FD0CF9}.Debug|Any CPU.Deploy.0 = Debug|Any CPU
		{D9564146-5E3E-4C2D-908F-036143FD0CF9}.Release|Any CPU.ActiveCfg = Release|Any CPU
		{D9564146-5E3E-4C2D-908F-036143FD0CF9}.Release|Any CPU.Build.0 = Release|Any CPU
		{D9564146-5E3E-4C2D-908F-036143FD0CF9}.Release|Any CPU.Deploy.0 = Release|Any CPU
		{82854929-6C00-495F-B939-6A580CCE0260}.Debug|Any CPU.ActiveCfg = Debug|Any CPU
		{82854929-6C00-495F-B939-6A580CCE0260}.Debug|Any CPU.Build.0 = Debug|Any CPU
		{82854929-6C00-495F-B939-6A580CCE0260}.Release|Any CPU.ActiveCfg = Release|Any CPU
		{82854929-6C00-495F-B939-6A580CCE0260}.Release|Any CPU.Build.0 = Release|Any CPU
	EndGlobalSection
	GlobalSection(SolutionProperties) = preSolution
		HideSolutionNode = FALSE
	EndGlobalSection
	GlobalSection(NestedProjects) = preSolution
		{000B8D3D-D662-4383-AC38-4450057F18F3} = {9A7F23C0-0C4D-4BEB-84C1-9C98E4EA922E}
		{679742A8-8313-4EC3-9D1C-6C26B82334A0} = {A8459E24-5F79-4404-BC8E-EC3C17F39F33}
		{286CB367-46F3-4D07-AB8F-CA3109963115} = {1E7D53F8-C166-487A-B9AC-9C0987D19D08}
		{6E9A6609-23F7-47BF-8E95-4288A8A8CFB3} = {9A7F23C0-0C4D-4BEB-84C1-9C98E4EA922E}
		{F4A0F1F2-7AEB-4889-B3F2-8C14B92A9FA3} = {9A7F23C0-0C4D-4BEB-84C1-9C98E4EA922E}
		{B5F78454-1B7D-4DDC-A8D7-8E7053837048} = {000B8D3D-D662-4383-AC38-4450057F18F3}
		{17C5300F-25C9-454F-8AB8-8317074C7D6C} = {000B8D3D-D662-4383-AC38-4450057F18F3}
		{F80439C8-4965-48A7-8367-5C78C1875825} = {D2C4E8C8-4CDF-476D-9EEF-2CAF9F21841E}
		{E8CE7980-1A4A-435F-936D-701E3D13A723} = {BDB4B920-029B-4DDF-A187-617D4A83213A}
		{8EDDFFA8-8251-4691-994B-D573A9AF80F3} = {A8459E24-5F79-4404-BC8E-EC3C17F39F33}
		{9531E697-8CFC-4372-AFE7-96F6964EAF8F} = {679742A8-8313-4EC3-9D1C-6C26B82334A0}
		{33BED7F0-D988-4E67-A9BE-112072AB920A} = {1E7D53F8-C166-487A-B9AC-9C0987D19D08}
		{76493BFD-0A0C-4A75-876D-548BF97F61EC} = {286CB367-46F3-4D07-AB8F-CA3109963115}
		{D9564146-5E3E-4C2D-908F-036143FD0CF9} = {A505C243-5786-49A4-84EE-16776D9BA16C}
	EndGlobalSection
	GlobalSection(ExtensibilityGlobals) = postSolution
		SolutionGuid = {B4EF5BA0-A6CF-419D-9261-834FC21801AF}
	EndGlobalSection
EndGlobal
