
Microsoft Visual Studio Solution File, Format Version 12.00
# Visual Studio Version 17
VisualStudioVersion = 17.7.34018.315
MinimumVisualStudioVersion = 10.0.40219.1
Project("{2150E333-8FDC-42A3-9474-1A3956D46DE8}") = "API", "API", "{1E7D53F8-C166-487A-B9AC-9C0987D19D08}"
EndProject
Project("{2150E333-8FDC-42A3-9474-1A3956D46DE8}") = "Application", "Application", "{BDB4B920-029B-4DDF-A187-617D4A83213A}"
EndProject
Project("{2150E333-8FDC-42A3-9474-1A3956D46DE8}") = "Infrastructure", "Infrastructure", "{9A7F23C0-0C4D-4BEB-84C1-9C98E4EA922E}"
EndProject
Project("{2150E333-8FDC-42A3-9474-1A3956D46DE8}") = "Clients", "Clients", "{A8459E24-5F79-4404-BC8E-EC3C17F39F33}"
EndProject
Project("{2150E333-8FDC-42A3-9474-1A3956D46DE8}") = "Tests", "Tests", "{679742A8-8313-4EC3-9D1C-6C26B82334A0}"
EndProject
Project("{9A19103F-16F7-4668-BE54-9A1E7A4F7556}") = "Neal.Reddit.Infrastructure.Reader", "Infrastructure\Neal.Reddit.Infrastructure.Reader\Neal.Reddit.Infrastructure.Reader.csproj", "{6E9A6609-23F7-47BF-8E95-4288A8A8CFB3}"
EndProject
Project("{9A19103F-16F7-4668-BE54-9A1E7A4F7556}") = "Neal.Reddit.Core", "Core\Neal.Reddit.Core\Neal.Reddit.Core.csproj", "{F80439C8-4965-48A7-8367-5C78C1875825}"
EndProject
Project("{2150E333-8FDC-42A3-9474-1A3956D46DE8}") = "Core", "Core", "{D2C4E8C8-4CDF-476D-9EEF-2CAF9F21841E}"
EndProject
Project("{9A19103F-16F7-4668-BE54-9A1E7A4F7556}") = "Neal.Reddit.Application", "Application\Neal.Reddit.Application\Neal.Reddit.Application.csproj", "{E8CE7980-1A4A-435F-936D-701E3D13A723}"
EndProject
Project("{9A19103F-16F7-4668-BE54-9A1E7A4F7556}") = "Neal.Reddit.Client", "Clients\Neal.Reddit.Client\Neal.Reddit.Client.csproj", "{40F5BA9B-F38D-4FFB-966B-169E65B8139B}"
EndProject
Project("{9A19103F-16F7-4668-BE54-9A1E7A4F7556}") = "Neal.Reddit.Client.Tests", "Clients\Tests\Neal.Reddit.Client.Tests\Neal.Reddit.Client.Tests.csproj", "{C3CA19C0-4D1B-4B75-BDE9-3EC26FF22335}"
EndProject
Project("{9A19103F-16F7-4668-BE54-9A1E7A4F7556}") = "Neal.Reddit.Client.Simple", "Clients\Neal.Reddit.Client.Simple\Neal.Reddit.Client.Simple.csproj", "{2A6FF630-1FF2-4BB9-915D-5E8F2C395500}"
EndProject
Project("{9A19103F-16F7-4668-BE54-9A1E7A4F7556}") = "Neal.Reddit.Infrastructure.Simple.Repository", "Infrastructure\Neal.Reddit.Infrastructure.Simple.Repository\Neal.Reddit.Infrastructure.Simple.Repository.csproj", "{E54BFE55-8C3A-4BBF-9B70-FECD48ACF1CB}"
EndProject
Project("{9A19103F-16F7-4668-BE54-9A1E7A4F7556}") = "Neal.Reddit.API.Simple", "API\Neal.Reddit.API.Simple\Neal.Reddit.API.Simple.csproj", "{443124AC-AFCD-4CDC-B48E-6AFDB9D5545F}"
EndProject
Global
	GlobalSection(SolutionConfigurationPlatforms) = preSolution
		Debug|Any CPU = Debug|Any CPU
		Docker|Any CPU = Docker|Any CPU
		Release|Any CPU = Release|Any CPU
	EndGlobalSection
	GlobalSection(ProjectConfigurationPlatforms) = postSolution
		{6E9A6609-23F7-47BF-8E95-4288A8A8CFB3}.Debug|Any CPU.ActiveCfg = Debug|Any CPU
		{6E9A6609-23F7-47BF-8E95-4288A8A8CFB3}.Debug|Any CPU.Build.0 = Debug|Any CPU
		{6E9A6609-23F7-47BF-8E95-4288A8A8CFB3}.Docker|Any CPU.ActiveCfg = Debug|Any CPU
		{6E9A6609-23F7-47BF-8E95-4288A8A8CFB3}.Docker|Any CPU.Build.0 = Debug|Any CPU
		{6E9A6609-23F7-47BF-8E95-4288A8A8CFB3}.Release|Any CPU.ActiveCfg = Release|Any CPU
		{6E9A6609-23F7-47BF-8E95-4288A8A8CFB3}.Release|Any CPU.Build.0 = Release|Any CPU
		{F80439C8-4965-48A7-8367-5C78C1875825}.Debug|Any CPU.ActiveCfg = Debug|Any CPU
		{F80439C8-4965-48A7-8367-5C78C1875825}.Debug|Any CPU.Build.0 = Debug|Any CPU
		{F80439C8-4965-48A7-8367-5C78C1875825}.Docker|Any CPU.ActiveCfg = Debug|Any CPU
		{F80439C8-4965-48A7-8367-5C78C1875825}.Docker|Any CPU.Build.0 = Debug|Any CPU
		{F80439C8-4965-48A7-8367-5C78C1875825}.Release|Any CPU.ActiveCfg = Release|Any CPU
		{F80439C8-4965-48A7-8367-5C78C1875825}.Release|Any CPU.Build.0 = Release|Any CPU
		{E8CE7980-1A4A-435F-936D-701E3D13A723}.Debug|Any CPU.ActiveCfg = Debug|Any CPU
		{E8CE7980-1A4A-435F-936D-701E3D13A723}.Debug|Any CPU.Build.0 = Debug|Any CPU
		{E8CE7980-1A4A-435F-936D-701E3D13A723}.Docker|Any CPU.ActiveCfg = Debug|Any CPU
		{E8CE7980-1A4A-435F-936D-701E3D13A723}.Docker|Any CPU.Build.0 = Debug|Any CPU
		{E8CE7980-1A4A-435F-936D-701E3D13A723}.Release|Any CPU.ActiveCfg = Release|Any CPU
		{E8CE7980-1A4A-435F-936D-701E3D13A723}.Release|Any CPU.Build.0 = Release|Any CPU
		{40F5BA9B-F38D-4FFB-966B-169E65B8139B}.Debug|Any CPU.ActiveCfg = Debug|Any CPU
		{40F5BA9B-F38D-4FFB-966B-169E65B8139B}.Debug|Any CPU.Build.0 = Debug|Any CPU
		{40F5BA9B-F38D-4FFB-966B-169E65B8139B}.Docker|Any CPU.ActiveCfg = Debug|Any CPU
		{40F5BA9B-F38D-4FFB-966B-169E65B8139B}.Docker|Any CPU.Build.0 = Debug|Any CPU
		{40F5BA9B-F38D-4FFB-966B-169E65B8139B}.Release|Any CPU.ActiveCfg = Release|Any CPU
		{40F5BA9B-F38D-4FFB-966B-169E65B8139B}.Release|Any CPU.Build.0 = Release|Any CPU
		{C3CA19C0-4D1B-4B75-BDE9-3EC26FF22335}.Debug|Any CPU.ActiveCfg = Debug|Any CPU
		{C3CA19C0-4D1B-4B75-BDE9-3EC26FF22335}.Debug|Any CPU.Build.0 = Debug|Any CPU
		{C3CA19C0-4D1B-4B75-BDE9-3EC26FF22335}.Docker|Any CPU.ActiveCfg = Debug|Any CPU
		{C3CA19C0-4D1B-4B75-BDE9-3EC26FF22335}.Docker|Any CPU.Build.0 = Debug|Any CPU
		{C3CA19C0-4D1B-4B75-BDE9-3EC26FF22335}.Release|Any CPU.ActiveCfg = Release|Any CPU
		{C3CA19C0-4D1B-4B75-BDE9-3EC26FF22335}.Release|Any CPU.Build.0 = Release|Any CPU
		{2A6FF630-1FF2-4BB9-915D-5E8F2C395500}.Debug|Any CPU.ActiveCfg = Debug|Any CPU
		{2A6FF630-1FF2-4BB9-915D-5E8F2C395500}.Debug|Any CPU.Build.0 = Debug|Any CPU
		{2A6FF630-1FF2-4BB9-915D-5E8F2C395500}.Docker|Any CPU.ActiveCfg = Debug|Any CPU
		{2A6FF630-1FF2-4BB9-915D-5E8F2C395500}.Docker|Any CPU.Build.0 = Debug|Any CPU
		{2A6FF630-1FF2-4BB9-915D-5E8F2C395500}.Release|Any CPU.ActiveCfg = Release|Any CPU
		{2A6FF630-1FF2-4BB9-915D-5E8F2C395500}.Release|Any CPU.Build.0 = Release|Any CPU
		{E54BFE55-8C3A-4BBF-9B70-FECD48ACF1CB}.Debug|Any CPU.ActiveCfg = Debug|Any CPU
		{E54BFE55-8C3A-4BBF-9B70-FECD48ACF1CB}.Debug|Any CPU.Build.0 = Debug|Any CPU
		{E54BFE55-8C3A-4BBF-9B70-FECD48ACF1CB}.Docker|Any CPU.ActiveCfg = Debug|Any CPU
		{E54BFE55-8C3A-4BBF-9B70-FECD48ACF1CB}.Docker|Any CPU.Build.0 = Debug|Any CPU
		{E54BFE55-8C3A-4BBF-9B70-FECD48ACF1CB}.Release|Any CPU.ActiveCfg = Release|Any CPU
		{E54BFE55-8C3A-4BBF-9B70-FECD48ACF1CB}.Release|Any CPU.Build.0 = Release|Any CPU
		{443124AC-AFCD-4CDC-B48E-6AFDB9D5545F}.Debug|Any CPU.ActiveCfg = Debug|Any CPU
		{443124AC-AFCD-4CDC-B48E-6AFDB9D5545F}.Debug|Any CPU.Build.0 = Debug|Any CPU
		{443124AC-AFCD-4CDC-B48E-6AFDB9D5545F}.Docker|Any CPU.ActiveCfg = Debug|Any CPU
		{443124AC-AFCD-4CDC-B48E-6AFDB9D5545F}.Docker|Any CPU.Build.0 = Debug|Any CPU
		{443124AC-AFCD-4CDC-B48E-6AFDB9D5545F}.Release|Any CPU.ActiveCfg = Release|Any CPU
		{443124AC-AFCD-4CDC-B48E-6AFDB9D5545F}.Release|Any CPU.Build.0 = Release|Any CPU
	EndGlobalSection
	GlobalSection(SolutionProperties) = preSolution
		HideSolutionNode = FALSE
	EndGlobalSection
	GlobalSection(NestedProjects) = preSolution
		{679742A8-8313-4EC3-9D1C-6C26B82334A0} = {A8459E24-5F79-4404-BC8E-EC3C17F39F33}
		{6E9A6609-23F7-47BF-8E95-4288A8A8CFB3} = {9A7F23C0-0C4D-4BEB-84C1-9C98E4EA922E}
		{F80439C8-4965-48A7-8367-5C78C1875825} = {D2C4E8C8-4CDF-476D-9EEF-2CAF9F21841E}
		{E8CE7980-1A4A-435F-936D-701E3D13A723} = {BDB4B920-029B-4DDF-A187-617D4A83213A}
		{40F5BA9B-F38D-4FFB-966B-169E65B8139B} = {A8459E24-5F79-4404-BC8E-EC3C17F39F33}
		{C3CA19C0-4D1B-4B75-BDE9-3EC26FF22335} = {679742A8-8313-4EC3-9D1C-6C26B82334A0}
		{2A6FF630-1FF2-4BB9-915D-5E8F2C395500} = {A8459E24-5F79-4404-BC8E-EC3C17F39F33}
		{E54BFE55-8C3A-4BBF-9B70-FECD48ACF1CB} = {9A7F23C0-0C4D-4BEB-84C1-9C98E4EA922E}
		{443124AC-AFCD-4CDC-B48E-6AFDB9D5545F} = {1E7D53F8-C166-487A-B9AC-9C0987D19D08}
	EndGlobalSection
	GlobalSection(ExtensibilityGlobals) = postSolution
		SolutionGuid = {B4EF5BA0-A6CF-419D-9261-834FC21801AF}
	EndGlobalSection
EndGlobal
